<Solution>
  <Folder Name="/benchmark/" />
  <Folder Name="/demo/">
    <Project Path="demo/PipBoyTheme.Demo/PipBoyTheme.Demo.csproj" />
  </Folder>
  <Folder Name="/src/">
    <Project Path="src/Irihi.Ursa.Themes.PipBoy/Irihi.Ursa.Themes.PipBoy.csproj" />
  </Folder>
  <Folder Name="/test/" />
</Solution>
